{
  "requires": true,
  "lockfileVersion": 1,
  "dependencies": {
    "ngx-bootstrap": {
      "version": "4.1.1",
      "resolved": "https://registry.npmjs.org/ngx-bootstrap/-/ngx-bootstrap-4.1.1.tgz",
      "integrity": "sha512-2vbjMXxzFX6hz929474It6yI3LyFLm9V4vkLGlCGuhyPWi4G5kuLl3j5Wrj1CsBG9+Cz9xQM9JT6gZnkXBgaTw=="
    }
  }
}
